
Microsoft Visual Studio Solution File, Format Version 12.00
# Visual Studio 15
VisualStudioVersion = 15.0.28307.329
MinimumVisualStudioVersion = 10.0.40219.1
Project("{FAE04EC0-301F-11D3-BF4B-00C04F79EFBC}") = "WebApp", "WebApp\WebApp.csproj", "{39172E68-E7CC-47E1-8D54-DA6AB3ED8940}"
EndProject
Project("{FAE04EC0-301F-11D3-BF4B-00C04F79EFBC}") = "DTO", "DTO\DTO.csproj", "{1F0F0BE1-A1DA-4124-B6C8-8E362628F114}"
EndProject
Project("{FAE04EC0-301F-11D3-BF4B-00C04F79EFBC}") = "Api", "Api\Api.csproj", "{1EA11A64-B12C-4B58-A841-D49885901D7F}"
EndProject
Global
	GlobalSection(SolutionConfigurationPlatforms) = preSolution
		Debug|Any CPU = Debug|Any CPU
		Release|Any CPU = Release|Any CPU
	EndGlobalSection
	GlobalSection(ProjectConfigurationPlatforms) = postSolution
		{39172E68-E7CC-47E1-8D54-DA6AB3ED8940}.Debug|Any CPU.ActiveCfg = Debug|Any CPU
		{39172E68-E7CC-47E1-8D54-DA6AB3ED8940}.Debug|Any CPU.Build.0 = Debug|Any CPU
		{39172E68-E7CC-47E1-8D54-DA6AB3ED8940}.Release|Any CPU.ActiveCfg = Release|Any CPU
		{39172E68-E7CC-47E1-8D54-DA6AB3ED8940}.Release|Any CPU.Build.0 = Release|Any CPU
		{1F0F0BE1-A1DA-4124-B6C8-8E362628F114}.Debug|Any CPU.ActiveCfg = Debug|Any CPU
		{1F0F0BE1-A1DA-4124-B6C8-8E362628F114}.Debug|Any CPU.Build.0 = Debug|Any CPU
		{1F0F0BE1-A1DA-4124-B6C8-8E362628F114}.Release|Any CPU.ActiveCfg = Release|Any CPU
		{1F0F0BE1-A1DA-4124-B6C8-8E362628F114}.Release|Any CPU.Build.0 = Release|Any CPU
		{1EA11A64-B12C-4B58-A841-D49885901D7F}.Debug|Any CPU.ActiveCfg = Debug|Any CPU
		{1EA11A64-B12C-4B58-A841-D49885901D7F}.Debug|Any CPU.Build.0 = Debug|Any CPU
		{1EA11A64-B12C-4B58-A841-D49885901D7F}.Release|Any CPU.ActiveCfg = Release|Any CPU
		{1EA11A64-B12C-4B58-A841-D49885901D7F}.Release|Any CPU.Build.0 = Release|Any CPU
	EndGlobalSection
	GlobalSection(SolutionProperties) = preSolution
		HideSolutionNode = FALSE
	EndGlobalSection
	GlobalSection(ExtensibilityGlobals) = postSolution
		SolutionGuid = {4B03DC7C-3854-471E-BE3E-BEFC70BFC1F2}
	EndGlobalSection
EndGlobal
